
Microsoft Visual Studio Solution File, Format Version 12.00
# Visual Studio 2012
Project("{FAE04EC0-301F-11D3-BF4B-00C04F79EFBC}") = "FTPClient", "FTPClient\FTPClient.csproj", "{BB2CCB65-E682-4113-A5D7-22E7723DC60F}"
EndProject
Project("{FAE04EC0-301F-11D3-BF4B-00C04F79EFBC}") = "FTPLibrary", "FTPLibrary\FTPLibrary.csproj", "{FFE28209-14BF-454E-8B4E-6B4FD87AEC5F}"
EndProject
Global
	GlobalSection(SolutionConfigurationPlatforms) = preSolution
		Debug|Any CPU = Debug|Any CPU
		Release|Any CPU = Release|Any CPU
	EndGlobalSection
	GlobalSection(ProjectConfigurationPlatforms) = postSolution
		{BB2CCB65-E682-4113-A5D7-22E7723DC60F}.Debug|Any CPU.ActiveCfg = Debug|Any CPU
		{BB2CCB65-E682-4113-A5D7-22E7723DC60F}.Debug|Any CPU.Build.0 = Debug|Any CPU
		{BB2CCB65-E682-4113-A5D7-22E7723DC60F}.Release|Any CPU.ActiveCfg = Release|Any CPU
		{BB2CCB65-E682-4113-A5D7-22E7723DC60F}.Release|Any CPU.Build.0 = Release|Any CPU
		{FFE28209-14BF-454E-8B4E-6B4FD87AEC5F}.Debug|Any CPU.ActiveCfg = Debug|Any CPU
		{FFE28209-14BF-454E-8B4E-6B4FD87AEC5F}.Debug|Any CPU.Build.0 = Debug|Any CPU
		{FFE28209-14BF-454E-8B4E-6B4FD87AEC5F}.Release|Any CPU.ActiveCfg = Release|Any CPU
		{FFE28209-14BF-454E-8B4E-6B4FD87AEC5F}.Release|Any CPU.Build.0 = Release|Any CPU
	EndGlobalSection
	GlobalSection(SolutionProperties) = preSolution
		HideSolutionNode = FALSE
	EndGlobalSection
EndGlobal
