
Microsoft Visual Studio Solution File, Format Version 12.00
# Visual Studio 2012
Project("{FAE04EC0-301F-11D3-BF4B-00C04F79EFBC}") = "Threadpool_stop", "tp_BackgroundWorker\Threadpool_stop.csproj", "{9F8DCC12-177A-48A3-B255-065C58AB3C27}"
EndProject
Global
	GlobalSection(SolutionConfigurationPlatforms) = preSolution
		Debug|Any CPU = Debug|Any CPU
		Release|Any CPU = Release|Any CPU
	EndGlobalSection
	GlobalSection(ProjectConfigurationPlatforms) = postSolution
		{9F8DCC12-177A-48A3-B255-065C58AB3C27}.Debug|Any CPU.ActiveCfg = Debug|Any CPU
		{9F8DCC12-177A-48A3-B255-065C58AB3C27}.Debug|Any CPU.Build.0 = Debug|Any CPU
		{9F8DCC12-177A-48A3-B255-065C58AB3C27}.Release|Any CPU.ActiveCfg = Release|Any CPU
		{9F8DCC12-177A-48A3-B255-065C58AB3C27}.Release|Any CPU.Build.0 = Release|Any CPU
	EndGlobalSection
	GlobalSection(SolutionProperties) = preSolution
		HideSolutionNode = FALSE
	EndGlobalSection
EndGlobal
