
Microsoft Visual Studio Solution File, Format Version 12.00
# Visual Studio 2012
Project("{FAE04EC0-301F-11D3-BF4B-00C04F79EFBC}") = "FTP_Client", "FTP_Client\FTP_Client.csproj", "{0AAC97CC-9BF0-4842-90D6-763F6135B01A}"
EndProject
Project("{FAE04EC0-301F-11D3-BF4B-00C04F79EFBC}") = "TimeLibrary", "TimeLibrary\TimeLibrary.csproj", "{5518F00F-C099-4C55-8C76-C39281BE1AE3}"
EndProject
Global
	GlobalSection(SolutionConfigurationPlatforms) = preSolution
		Debug|Any CPU = Debug|Any CPU
		Release|Any CPU = Release|Any CPU
	EndGlobalSection
	GlobalSection(ProjectConfigurationPlatforms) = postSolution
		{0AAC97CC-9BF0-4842-90D6-763F6135B01A}.Debug|Any CPU.ActiveCfg = Debug|Any CPU
		{0AAC97CC-9BF0-4842-90D6-763F6135B01A}.Debug|Any CPU.Build.0 = Debug|Any CPU
		{0AAC97CC-9BF0-4842-90D6-763F6135B01A}.Release|Any CPU.ActiveCfg = Release|Any CPU
		{0AAC97CC-9BF0-4842-90D6-763F6135B01A}.Release|Any CPU.Build.0 = Release|Any CPU
		{5518F00F-C099-4C55-8C76-C39281BE1AE3}.Debug|Any CPU.ActiveCfg = Debug|Any CPU
		{5518F00F-C099-4C55-8C76-C39281BE1AE3}.Debug|Any CPU.Build.0 = Debug|Any CPU
		{5518F00F-C099-4C55-8C76-C39281BE1AE3}.Release|Any CPU.ActiveCfg = Release|Any CPU
		{5518F00F-C099-4C55-8C76-C39281BE1AE3}.Release|Any CPU.Build.0 = Release|Any CPU
	EndGlobalSection
	GlobalSection(SolutionProperties) = preSolution
		HideSolutionNode = FALSE
	EndGlobalSection
EndGlobal
